{
    "_readme": [
        "This file locks the dependencies of your project to a known state",
        "Read more about it at https://getcomposer.org/doc/01-basic-usage.md#installing-dependencies",
        "This file is @generated automatically"
    ],
    "content-hash": "9daa6c2dfa53a063aa38c60168a3829b",
    "packages": [
        {
            "name": "rbdwllr/reallysimplejwt",
            "version": "2.0.4",
            "source": {
                "type": "git",
                "url": "https://github.com/RobDWaller/ReallySimpleJWT.git",
                "reference": "6427616cd5899ea5df10353faac2053bf2b66c03"
            },
            "dist": {
                "type": "zip",
                "url": "https://api.github.com/repos/RobDWaller/ReallySimpleJWT/zipball/6427616cd5899ea5df10353faac2053bf2b66c03",
                "reference": "6427616cd5899ea5df10353faac2053bf2b66c03",
                "shasum": ""
            },
            "require": {
                "php": ">=7.1.0"
            },
            "require-dev": {
                "infection/infection": "^0.12.2",
                "phploc/phploc": "^4.0",
                "phpmd/phpmd": "2.6.*",
                "phpstan/phpstan": "^0.10",
                "phpunit/phpunit": "^7.0",
                "squizlabs/php_codesniffer": "^3.0"
            },
            "type": "library",
            "autoload": {
                "psr-4": {
                    "ReallySimpleJWT\\": "src",
                    "Tests\\": "tests"
                }
            },
            "notification-url": "https://packagist.org/downloads/",
            "license": [
                "MIT"
            ],
            "authors": [
                {
                    "name": "Rob Waller",
                    "email": "rdwaller1984@gmail.com"
                }
            ],
            "description": "A really simple library to generate user authentication JSON Web Tokens.",
            "keywords": [
                "Authentication",
                "json",
                "json web tokens",
                "jwt",
                "php",
                "tokens"
            ],
            "time": "2019-05-22T08:39:24+00:00"
        }
    ],
    "packages-dev": [],
    "aliases": [],
    "minimum-stability": "stable",
    "stability-flags": [],
    "prefer-stable": false,
    "prefer-lowest": false,
    "platform": [],
    "platform-dev": []
}
